
Microsoft Visual Studio Solution File, Format Version 12.00
# Visual Studio Version 17
VisualStudioVersion = 17.9.34616.47
MinimumVisualStudioVersion = 10.0.40219.1
Project("{9A19103F-16F7-4668-BE54-9A1E7A4F7556}") = "tugastm1", "tugastmwoi\tugastm1.csproj", "{E2610725-12DF-44C8-8AAA-F41A39C5D8D9}"
EndProject
Global
	GlobalSection(SolutionConfigurationPlatforms) = preSolution
		Debug|Any CPU = Debug|Any CPU
		Release|Any CPU = Release|Any CPU
	EndGlobalSection
	GlobalSection(ProjectConfigurationPlatforms) = postSolution
		{E2610725-12DF-44C8-8AAA-F41A39C5D8D9}.Debug|Any CPU.ActiveCfg = Debug|Any CPU
		{E2610725-12DF-44C8-8AAA-F41A39C5D8D9}.Debug|Any CPU.Build.0 = Debug|Any CPU
		{E2610725-12DF-44C8-8AAA-F41A39C5D8D9}.Release|Any CPU.ActiveCfg = Release|Any CPU
		{E2610725-12DF-44C8-8AAA-F41A39C5D8D9}.Release|Any CPU.Build.0 = Release|Any CPU
	EndGlobalSection
	GlobalSection(SolutionProperties) = preSolution
		HideSolutionNode = FALSE
	EndGlobalSection
	GlobalSection(ExtensibilityGlobals) = postSolution
		SolutionGuid = {326FD93C-675B-4CFF-9F0D-291BE26CBE22}
	EndGlobalSection
EndGlobal
